
Microsoft Visual Studio Solution File, Format Version 12.00
# Visual Studio Version 16
VisualStudioVersion = 16.0.32126.315
MinimumVisualStudioVersion = 10.0.40219.1
Project("{FAE04EC0-301F-11D3-BF4B-00C04F79EFBC}") = "CapaPresentacion", "CapaPresentacion\CapaPresentacion.csproj", "{0681B02B-4515-445D-B7D5-39F9F8633418}"
EndProject
Project("{FAE04EC0-301F-11D3-BF4B-00C04F79EFBC}") = "CapaLogica", "CapaLogica\CapaLogica.csproj", "{45592F4A-845E-4F66-8CD5-4BB31532A1B6}"
EndProject
Project("{FAE04EC0-301F-11D3-BF4B-00C04F79EFBC}") = "CapaDatos", "CapaDatos\CapaDatos.csproj", "{CEBC119F-D59E-498E-A820-0EC7F8A0E444}"
EndProject
Project("{FAE04EC0-301F-11D3-BF4B-00C04F79EFBC}") = "CapaEntidad", "CapaEntidad\CapaEntidad.csproj", "{C56AA2A7-04C5-416E-807D-3654068AA2BC}"
EndProject
Global
	GlobalSection(SolutionConfigurationPlatforms) = preSolution
		Debug|Any CPU = Debug|Any CPU
		Release|Any CPU = Release|Any CPU
	EndGlobalSection
	GlobalSection(ProjectConfigurationPlatforms) = postSolution
		{0681B02B-4515-445D-B7D5-39F9F8633418}.Debug|Any CPU.ActiveCfg = Debug|Any CPU
		{0681B02B-4515-445D-B7D5-39F9F8633418}.Debug|Any CPU.Build.0 = Debug|Any CPU
		{0681B02B-4515-445D-B7D5-39F9F8633418}.Release|Any CPU.ActiveCfg = Release|Any CPU
		{0681B02B-4515-445D-B7D5-39F9F8633418}.Release|Any CPU.Build.0 = Release|Any CPU
		{45592F4A-845E-4F66-8CD5-4BB31532A1B6}.Debug|Any CPU.ActiveCfg = Debug|Any CPU
		{45592F4A-845E-4F66-8CD5-4BB31532A1B6}.Debug|Any CPU.Build.0 = Debug|Any CPU
		{45592F4A-845E-4F66-8CD5-4BB31532A1B6}.Release|Any CPU.ActiveCfg = Release|Any CPU
		{45592F4A-845E-4F66-8CD5-4BB31532A1B6}.Release|Any CPU.Build.0 = Release|Any CPU
		{CEBC119F-D59E-498E-A820-0EC7F8A0E444}.Debug|Any CPU.ActiveCfg = Debug|Any CPU
		{CEBC119F-D59E-498E-A820-0EC7F8A0E444}.Debug|Any CPU.Build.0 = Debug|Any CPU
		{CEBC119F-D59E-498E-A820-0EC7F8A0E444}.Release|Any CPU.ActiveCfg = Release|Any CPU
		{CEBC119F-D59E-498E-A820-0EC7F8A0E444}.Release|Any CPU.Build.0 = Release|Any CPU
		{C56AA2A7-04C5-416E-807D-3654068AA2BC}.Debug|Any CPU.ActiveCfg = Debug|Any CPU
		{C56AA2A7-04C5-416E-807D-3654068AA2BC}.Debug|Any CPU.Build.0 = Debug|Any CPU
		{C56AA2A7-04C5-416E-807D-3654068AA2BC}.Release|Any CPU.ActiveCfg = Release|Any CPU
		{C56AA2A7-04C5-416E-807D-3654068AA2BC}.Release|Any CPU.Build.0 = Release|Any CPU
	EndGlobalSection
	GlobalSection(SolutionProperties) = preSolution
		HideSolutionNode = FALSE
	EndGlobalSection
	GlobalSection(ExtensibilityGlobals) = postSolution
		SolutionGuid = {4ECDB81B-1197-4C1C-B9BB-D922196DF6E4}
	EndGlobalSection
EndGlobal
